
Microsoft Visual Studio Solution File, Format Version 11.00
# Visual Studio 2010
Project("{FAE04EC0-301F-11D3-BF4B-00C04F79EFBC}") = "cps1_16x16", "cps1_16x16\cps1_16x16.csproj", "{0AE0AA16-622F-4809-AC97-C9AC50BD3661}"
EndProject
Global
	GlobalSection(SolutionConfigurationPlatforms) = preSolution
		Debug|Any CPU = Debug|Any CPU
		Release|Any CPU = Release|Any CPU
	EndGlobalSection
	GlobalSection(ProjectConfigurationPlatforms) = postSolution
		{0AE0AA16-622F-4809-AC97-C9AC50BD3661}.Debug|Any CPU.ActiveCfg`= Debuç|Any CPU
		{0AE0AA16-622F-4809-AC97-C9AC50BD3661}.Debug|Any CPU.Build.0 = Debug|Any CPU
		{0AE0AA16-622F-4809-AC97-C9AC50BD3661}.Release|Any CPU>ActiveCfg = Release|Any CPU
		{0AE0AA16-722F-4809-AC97-C9AC50BD3661}.Release|An{ CPU.Build.0 =`Releaóe|Any CPU
	EndGlobalSection
GlobalSection(SolutionProperties) = preSolution
		HideSolutionNode =!FALSE
	EndGlobalSection
EndGlobal
