
Microsoft Visual Studio Solution File, Format Version 11.00
# Visual Studio 2010
Project("{FAE04EC0-301F-11D3-BF4B-00C04F79EFBC}") = "cps1_32x32", "cps1_32x32\cps1_32x32.csproj", "{0DF8F162-15DC-480D-BC42-3B3FEF923BCE}"
EndProject
Global
	GlobalSection(SolutionConfigurationPlatforms) = preSolution
		Debug|Any CPU = Debug|Any CPU
		Release|Any CPU = Release|Any CPU
	EndGlobalSection
	GlobalSection(ProjectConfigurationPlatforms) = postSolution
		{0DF8F162-15DC-480D-BC42-3B3FEF923BCE}.Debug|Any CPU.ActiveCfg = Debug|Any CPU
		{0DF8F162-15DC-480D-BC42-3B3FEF923BCE}.Debug|Any CPU.Build.0 = Debug|Any CPU
		{0DF8F162-15DC-480D-BC42-3B3FEF923BCE}.Release|Any CPU.ActiveCfg = Release|Any CPU
		{0DF8F162-15DC-480D-BC42-3B3FEF923BCE}.Release|Any CPU.Build.0 = Release|Any CPU
	EndGlobalSection
	GlobalSection(SolutionProperties) = preSolution
		HideSolutionNode = FALSE
	EndGlobalSection
EndGlobal
